
Microsoft Visual Studio Solution File, Format Version 12.00
# Visual Studio 15
VisualStudioVersion = 15.0.28010.2003
MinimumVisualStudioVersion = 10.0.40219.1
Project("{FAE04EC0-301F-11D3-BF4B-00C04F79EFBC}") = "ExtensionMethod", "ExtensionMethod\ExtensionMethod.csproj", "{BB24F7B1-7004-4B20-8F2D-38A1DD240211}"
EndProject
Project("{FAE04EC0-301F-11D3-BF4B-00C04F79EFBC}") = "ResponsibleWinFormApp", "ResponsibleWinFormApp\ResponsibleWinFormApp.csproj", "{CD52E30A-523F-46AB-9E84-0E8C65D26558}"
EndProject
Global
	GlobalSection(SolutionConfigurationPlatforms) = preSolution
		Debug|Any CPU = Debug|Any CPU
		Release|Any CPU = Release|Any CPU
	EndGlobalSection
	GlobalSection(ProjectConfigurationPlatforms) = postSolution
		{BB24F7B1-7004-4B20-8F2D-38A1DD240211}.Debug|Any CPU.ActiveCfg = Debug|Any CPU
		{BB24F7B1-7004-4B20-8F2D-38A1DD240211}.Debug|Any CPU.Build.0 = Debug|Any CPU
		{BB24F7B1-7004-4B20-8F2D-38A1DD240211}.Release|Any CPU.ActiveCfg = Release|Any CPU
		{BB24F7B1-7004-4B20-8F2D-38A1DD240211}.Release|Any CPU.Build.0 = Release|Any CPU
		{CD52E30A-523F-46AB-9E84-0E8C65D26558}.Debug|Any CPU.ActiveCfg = Debug|Any CPU
		{CD52E30A-523F-46AB-9E84-0E8C65D26558}.Debug|Any CPU.Build.0 = Debug|Any CPU
		{CD52E30A-523F-46AB-9E84-0E8C65D26558}.Release|Any CPU.ActiveCfg = Release|Any CPU
		{CD52E30A-523F-46AB-9E84-0E8C65D26558}.Release|Any CPU.Build.0 = Release|Any CPU
	EndGlobalSection
	GlobalSection(SolutionProperties) = preSolution
		HideSolutionNode = FALSE
	EndGlobalSection
	GlobalSection(ExtensibilityGlobals) = postSolution
		SolutionGuid = {24594B18-76C3-4BC5-AACC-3BD84D81722E}
	EndGlobalSection
EndGlobal
